
Microsoft Visual Studio Solution File, Format Version 12.00
# Visual Studio Version 16
VisualStudioVersion = 16.0.31229.75
MinimumVisualStudioVersion = 10.0.40219.1
Project("{FAE04EC0-301F-11D3-BF4B-00C04F79EFBC}") = "BlazorServerWithFluxor", "BlazorServerWithFluxor\BlazorServerWithFluxor.csproj", "{F5157E30-0BBC-4E5F-8B2A-A171783EBC95}"
EndProject
Global
	GlobalSection(SolutionConfigurationPlatforms) = preSolution
		Debug|Any CPU = Debug|Any CPU
		Release|Any CPU = Release|Any CPU
	EndGlobalSection
	GlobalSection(ProjectConfigurationPlatforms) = postSolution
		{F5157E30-0BBC-4E5F-8B2A-A171783EBC95}.Debug|Any CPU.ActiveCfg = Debug|Any CPU
		{F5157E30-0BBC-4E5F-8B2A-A171783EBC95}.Debug|Any CPU.Build.0 = Debug|Any CPU
		{F5157E30-0BBC-4E5F-8B2A-A171783EBC95}.Release|Any CPU.ActiveCfg = Release|Any CPU
		{F5157E30-0BBC-4E5F-8B2A-A171783EBC95}.Release|Any CPU.Build.0 = Release|Any CPU
	EndGlobalSection
	GlobalSection(SolutionProperties) = preSolution
		HideSolutionNode = FALSE
	EndGlobalSection
	GlobalSection(ExtensibilityGlobals) = postSolution
		SolutionGuid = {DF21F439-BF73-40E6-B80A-2C26BF4970DD}
	EndGlobalSection
EndGlobal
